PODS:
  - Flutter (1.0.0)
  - "replay_kit_launcher (1.0.2+6)":
    - Flutter

DEPENDENCIES:
  - Flutter (from `Flutter`)
  - replay_kit_launcher (from `.symlinks/plugins/replay_kit_launcher/ios`)

EXTERNAL SOURCES:
  Flutter:
    :path: Flutter
  replay_kit_launcher:
    :path: ".symlinks/plugins/replay_kit_launcher/ios"

SPEC CHECKSUMS:
  Flutter: e0871f40cf51350855a761d2e70bf5af5b9b5de7
  replay_kit_launcher: c7cde03620178fc7ded3065f8284d64768ff74f7

PODFILE CHECKSUM: 1a782344d33c12ced0182eeab11e8668d253eb48

COCOAPODS: 1.15.2
